<?xml version="1.0" encoding="UTF-8"?>
<CodeBlocks_project_file>
	<FileVersion major="1" minor="6"/>
	<Project>
		<Option title="milestone2"/>
		<Option makefile_is_custom="1"/>
		<Option compiler="gcc"/>
		<Option virtualFolders="CMake Files\;"/>
		<Build>
			<Target title="all">
				<Option working_dir="/home/maayan/CLionProjects/milestone2/cmake-build-debug"/>
				<Option type="4"/>
				<MakeCommands>
					<Build command="/usr/bin/make -j4 -f &quot;/home/maayan/CLionProjects/milestone2/cmake-build-debug/Makefile&quot;  VERBOSE=1 all"/>
					<CompileFile command="/usr/bin/make -j4 -f &quot;/home/maayan/CLionProjects/milestone2/cmake-build-debug/Makefile&quot;  VERBOSE=1 &quot;$file&quot;"/>
					<Clean command="/usr/bin/make -j4 -f &quot;/home/maayan/CLionProjects/milestone2/cmake-build-debug/Makefile&quot;  VERBOSE=1 clean"/>
					<DistClean command="/usr/bin/make -j4 -f &quot;/home/maayan/CLionProjects/milestone2/cmake-build-debug/Makefile&quot;  VERBOSE=1 clean"/>
				</MakeCommands>
			</Target>
			<Target title="rebuild_cache">
				<Option working_dir="/home/maayan/CLionProjects/milestone2/cmake-build-debug"/>
				<Option type="4"/>
				<MakeCommands>
					<Build command="/usr/bin/make -j4 -f &quot;/home/maayan/CLionProjects/milestone2/cmake-build-debug/Makefile&quot;  VERBOSE=1 rebuild_cache"/>
					<CompileFile command="/usr/bin/make -j4 -f &quot;/home/maayan/CLionProjects/milestone2/cmake-build-debug/Makefile&quot;  VERBOSE=1 &quot;$file&quot;"/>
					<Clean command="/usr/bin/make -j4 -f &quot;/home/maayan/CLionProjects/milestone2/cmake-build-debug/Makefile&quot;  VERBOSE=1 clean"/>
					<DistClean command="/usr/bin/make -j4 -f &quot;/home/maayan/CLionProjects/milestone2/cmake-build-debug/Makefile&quot;  VERBOSE=1 clean"/>
				</MakeCommands>
			</Target>
			<Target title="milestone2">
				<Option output="/home/maayan/CLionProjects/milestone2/cmake-build-debug/milestone2" prefix_auto="0" extension_auto="0"/>
				<Option working_dir="/home/maayan/CLionProjects/milestone2/cmake-build-debug"/>
				<Option object_output="./"/>
				<Option type="1"/>
				<Option compiler="gcc"/>
				<Compiler>
					<Add directory="/usr/include/c++/7"/>
					<Add directory="/usr/include/x86_64-linux-gnu/c++/7"/>
					<Add directory="/usr/include/c++/7/backward"/>
					<Add directory="/usr/lib/gcc/x86_64-linux-gnu/7/include"/>
					<Add directory="/usr/local/include"/>
					<Add directory="/usr/lib/gcc/x86_64-linux-gnu/7/include-fixed"/>
					<Add directory="/usr/include/x86_64-linux-gnu"/>
					<Add directory="/usr/include"/>
				</Compiler>
				<MakeCommands>
					<Build command="/usr/bin/make -j4 -f &quot;/home/maayan/CLionProjects/milestone2/cmake-build-debug/Makefile&quot;  VERBOSE=1 milestone2"/>
					<CompileFile command="/usr/bin/make -j4 -f &quot;/home/maayan/CLionProjects/milestone2/cmake-build-debug/Makefile&quot;  VERBOSE=1 &quot;$file&quot;"/>
					<Clean command="/usr/bin/make -j4 -f &quot;/home/maayan/CLionProjects/milestone2/cmake-build-debug/Makefile&quot;  VERBOSE=1 clean"/>
					<DistClean command="/usr/bin/make -j4 -f &quot;/home/maayan/CLionProjects/milestone2/cmake-build-debug/Makefile&quot;  VERBOSE=1 clean"/>
				</MakeCommands>
			</Target>
			<Target title="milestone2/fast">
				<Option output="/home/maayan/CLionProjects/milestone2/cmake-build-debug/milestone2" prefix_auto="0" extension_auto="0"/>
				<Option working_dir="/home/maayan/CLionProjects/milestone2/cmake-build-debug"/>
				<Option object_output="./"/>
				<Option type="1"/>
				<Option compiler="gcc"/>
				<Compiler>
					<Add directory="/usr/include/c++/7"/>
					<Add directory="/usr/include/x86_64-linux-gnu/c++/7"/>
					<Add directory="/usr/include/c++/7/backward"/>
					<Add directory="/usr/lib/gcc/x86_64-linux-gnu/7/include"/>
					<Add directory="/usr/local/include"/>
					<Add directory="/usr/lib/gcc/x86_64-linux-gnu/7/include-fixed"/>
					<Add directory="/usr/include/x86_64-linux-gnu"/>
					<Add directory="/usr/include"/>
				</Compiler>
				<MakeCommands>
					<Build command="/usr/bin/make -j4 -f &quot;/home/maayan/CLionProjects/milestone2/cmake-build-debug/Makefile&quot;  VERBOSE=1 milestone2/fast"/>
					<CompileFile command="/usr/bin/make -j4 -f &quot;/home/maayan/CLionProjects/milestone2/cmake-build-debug/Makefile&quot;  VERBOSE=1 &quot;$file&quot;"/>
					<Clean command="/usr/bin/make -j4 -f &quot;/home/maayan/CLionProjects/milestone2/cmake-build-debug/Makefile&quot;  VERBOSE=1 clean"/>
					<DistClean command="/usr/bin/make -j4 -f &quot;/home/maayan/CLionProjects/milestone2/cmake-build-debug/Makefile&quot;  VERBOSE=1 clean"/>
				</MakeCommands>
			</Target>
			<Target title="edit_cache">
				<Option working_dir="/home/maayan/CLionProjects/milestone2/cmake-build-debug"/>
				<Option type="4"/>
				<MakeCommands>
					<Build command="/usr/bin/make -j4 -f &quot;/home/maayan/CLionProjects/milestone2/cmake-build-debug/Makefile&quot;  VERBOSE=1 edit_cache"/>
					<CompileFile command="/usr/bin/make -j4 -f &quot;/home/maayan/CLionProjects/milestone2/cmake-build-debug/Makefile&quot;  VERBOSE=1 &quot;$file&quot;"/>
					<Clean command="/usr/bin/make -j4 -f &quot;/home/maayan/CLionProjects/milestone2/cmake-build-debug/Makefile&quot;  VERBOSE=1 clean"/>
					<DistClean command="/usr/bin/make -j4 -f &quot;/home/maayan/CLionProjects/milestone2/cmake-build-debug/Makefile&quot;  VERBOSE=1 clean"/>
				</MakeCommands>
			</Target>
		</Build>
		<Unit filename="/home/maayan/CLionProjects/milestone2/cmake-build-debug/AStarAlgorithm.h">
			<Option target="milestone2"/>
		</Unit>
		<Unit filename="/home/maayan/CLionProjects/milestone2/cmake-build-debug/BFSAlgorithm.h">
			<Option target="milestone2"/>
		</Unit>
		<Unit filename="/home/maayan/CLionProjects/milestone2/cmake-build-debug/BestAlgorithm.h">
			<Option target="milestone2"/>
		</Unit>
		<Unit filename="/home/maayan/CLionProjects/milestone2/cmake-build-debug/CacheManager.h">
			<Option target="milestone2"/>
		</Unit>
		<Unit filename="/home/maayan/CLionProjects/milestone2/cmake-build-debug/ClientHandler.h">
			<Option target="milestone2"/>
		</Unit>
		<Unit filename="/home/maayan/CLionProjects/milestone2/cmake-build-debug/FileCachManager.h">
			<Option target="milestone2"/>
		</Unit>
		<Unit filename="/home/maayan/CLionProjects/milestone2/cmake-build-debug/MyTestClientHandler.cpp">
			<Option target="milestone2"/>
		</Unit>
		<Unit filename="/home/maayan/CLionProjects/milestone2/cmake-build-debug/MyTestClientHandler.h">
			<Option target="milestone2"/>
		</Unit>
		<Unit filename="/home/maayan/CLionProjects/milestone2/cmake-build-debug/ParallelServer.cpp">
			<Option target="milestone2"/>
		</Unit>
		<Unit filename="/home/maayan/CLionProjects/milestone2/cmake-build-debug/ParallelServer.h">
			<Option target="milestone2"/>
		</Unit>
		<Unit filename="/home/maayan/CLionProjects/milestone2/cmake-build-debug/Searcher.h">
			<Option target="milestone2"/>
		</Unit>
		<Unit filename="/home/maayan/CLionProjects/milestone2/cmake-build-debug/SerialServer.cpp">
			<Option target="milestone2"/>
		</Unit>
		<Unit filename="/home/maayan/CLionProjects/milestone2/cmake-build-debug/SerialServer.h">
			<Option target="milestone2"/>
		</Unit>
		<Unit filename="/home/maayan/CLionProjects/milestone2/cmake-build-debug/Server.h">
			<Option target="milestone2"/>
		</Unit>
		<Unit filename="/home/maayan/CLionProjects/milestone2/cmake-build-debug/Solver.h">
			<Option target="milestone2"/>
		</Unit>
		<Unit filename="/home/maayan/CLionProjects/milestone2/cmake-build-debug/matrix.cpp">
			<Option target="milestone2"/>
		</Unit>
		<Unit filename="/home/maayan/CLionProjects/milestone2/cmake-build-debug/matrix.h">
			<Option target="milestone2"/>
		</Unit>
		<Unit filename="/home/maayan/CLionProjects/milestone2/cmake-build-debug/objectAdapter.h">
			<Option target="milestone2"/>
		</Unit>
		<Unit filename="/home/maayan/CLionProjects/milestone2/cmake-build-debug/point.h">
			<Option target="milestone2"/>
		</Unit>
		<Unit filename="/home/maayan/CLionProjects/milestone2/cmake-build-debug/searchable.h">
			<Option target="milestone2"/>
		</Unit>
		<Unit filename="/home/maayan/CLionProjects/milestone2/main.cpp">
			<Option target="milestone2"/>
		</Unit>
		<Unit filename="/home/maayan/CLionProjects/milestone2/CMakeLists.txt">
			<Option virtualFolder="CMake Files\"/>
		</Unit>
	</Project>
</CodeBlocks_project_file>
